
Microsoft Visual Studio Solution File, Format Version 12.00
# Visual Studio Version 16
VisualStudioVersion = 16.0.29209.62
MinimumVisualStudioVersion = 10.0.40219.1
Project("{9A19103F-16F7-4668-BE54-9A1E7A4F7556}") = "StringCalculator_kata", "StringCalculator_kata\StringCalculator_kata.csproj", "{B3667874-D747-4500-8191-F0397C4C21F8}"
EndProject
Project("{FAE04EC0-301F-11D3-BF4B-00C04F79EFBC}") = "StringCalc_kata", "StringCalc_kata\StringCalc_kata.csproj", "{5B7B8974-4D3E-40EF-A7B2-6AF7292DDDEA}"
EndProject
Global
	GlobalSection(SolutionConfigurationPlatforms) = preSolution
		Debug|Any CPU = Debug|Any CPU
		Release|Any CPU = Release|Any CPU
	EndGlobalSection
	GlobalSection(ProjectConfigurationPlatforms) = postSolution
		{B3667874-D747-4500-8191-F0397C4C21F8}.Debug|Any CPU.ActiveCfg = Debug|Any CPU
		{B3667874-D747-4500-8191-F0397C4C21F8}.Debug|Any CPU.Build.0 = Debug|Any CPU
		{B3667874-D747-4500-8191-F0397C4C21F8}.Release|Any CPU.ActiveCfg = Release|Any CPU
		{B3667874-D747-4500-8191-F0397C4C21F8}.Release|Any CPU.Build.0 = Release|Any CPU
		{5B7B8974-4D3E-40EF-A7B2-6AF7292DDDEA}.Debug|Any CPU.ActiveCfg = Debug|Any CPU
		{5B7B8974-4D3E-40EF-A7B2-6AF7292DDDEA}.Debug|Any CPU.Build.0 = Debug|Any CPU
		{5B7B8974-4D3E-40EF-A7B2-6AF7292DDDEA}.Release|Any CPU.ActiveCfg = Release|Any CPU
		{5B7B8974-4D3E-40EF-A7B2-6AF7292DDDEA}.Release|Any CPU.Build.0 = Release|Any CPU
	EndGlobalSection
	GlobalSection(SolutionProperties) = preSolution
		HideSolutionNode = FALSE
	EndGlobalSection
	GlobalSection(ExtensibilityGlobals) = postSolution
		SolutionGuid = {7F9167B7-C38B-4136-83B8-3AE112671B7D}
	EndGlobalSection
EndGlobal
